{
  "lockfileVersion": 1,
  "workspaces": {
    "": {
      "name": "flatpaks",
      "dependencies": {
        "fs-extra": "^11.3.0",
        "klaw-sync": "^7.0.0",
        "prettier": "^3.5.3",
        "yaml": "^2.7.0",
      },
    },
  },
  "packages": {
    "@jsonjoy.com/base64": ["@jsonjoy.com/base64@1.1.2", "https://registry.npmmirror.com/@jsonjoy.com/base64/-/base64-1.1.2.tgz", { "peerDependencies": { "tslib": "2" } }, "sha512-q6XAnWQDIMA3+FTiOYajoYqySkO+JSat0ytXGSuRdq9uXE7o92gzuQwQM14xaCRlBLGq3v5miDGC4vkVTn54xA=="],

    "@jsonjoy.com/json-pack": ["@jsonjoy.com/json-pack@1.2.0", "https://registry.npmmirror.com/@jsonjoy.com/json-pack/-/json-pack-1.2.0.tgz", { "dependencies": { "@jsonjoy.com/base64": "^1.1.1", "@jsonjoy.com/util": "^1.1.2", "hyperdyperid": "^1.2.0", "thingies": "^1.20.0" }, "peerDependencies": { "tslib": "2" } }, "sha512-io1zEbbYcElht3tdlqEOFxZ0dMTYrHz9iMf0gqn1pPjZFTCgM5R4R5IMA20Chb2UPYYsxjzs8CgZ7Nb5n2K2rA=="],

    "@jsonjoy.com/util": ["@jsonjoy.com/util@1.5.0", "https://registry.npmmirror.com/@jsonjoy.com/util/-/util-1.5.0.tgz", { "peerDependencies": { "tslib": "2" } }, "sha512-ojoNsrIuPI9g6o8UxhraZQSyF2ByJanAY4cTFbc8Mf2AXEF4aQRGY1dJxyJpuyav8r9FGflEt/Ff3u5Nt6YMPA=="],

    "fs-extra": ["fs-extra@11.3.0", "https://registry.npmmirror.com/fs-extra/-/fs-extra-11.3.0.tgz", { "dependencies": { "graceful-fs": "^4.2.0", "jsonfile": "^6.0.1", "universalify": "^2.0.0" } }, "sha512-Z4XaCL6dUDHfP/jT25jJKMmtxvuwbkrD1vNSMFlo9lNLY2c5FHYSQgHPRZUjAB26TpDEoW9HCOgplrdbaPV/ew=="],

    "graceful-fs": ["graceful-fs@4.2.11", "https://registry.npmmirror.com/graceful-fs/-/graceful-fs-4.2.11.tgz", {}, "sha512-RbJ5/jmFcNNCcDV5o9eTnBLJ/HszWV0P73bc+Ff4nS/rJj+YaS6IGyiOL0VoBYX+l1Wrl3k63h/KrH+nhJ0XvQ=="],

    "hyperdyperid": ["hyperdyperid@1.2.0", "https://registry.npmmirror.com/hyperdyperid/-/hyperdyperid-1.2.0.tgz", {}, "sha512-Y93lCzHYgGWdrJ66yIktxiaGULYc6oGiABxhcO5AufBeOyoIdZF7bIfLaOrbM0iGIOXQQgxxRrFEnb+Y6w1n4A=="],

    "jsonfile": ["jsonfile@6.1.0", "https://registry.npmmirror.com/jsonfile/-/jsonfile-6.1.0.tgz", { "dependencies": { "universalify": "^2.0.0" }, "optionalDependencies": { "graceful-fs": "^4.1.6" } }, "sha512-5dgndWOriYSm5cnYaJNhalLNDKOqFwyDB/rr1E9ZsGciGvKPs8R2xYGCacuf3z6K1YKDz182fd+fY3cn3pMqXQ=="],

    "klaw-sync": ["klaw-sync@7.0.0", "https://registry.npmmirror.com/klaw-sync/-/klaw-sync-7.0.0.tgz", { "dependencies": { "graceful-fs": "^4.1.11", "memfs": "^4.17.0" } }, "sha512-UQVrq/XIu/nqf/t89IAhc0sLy0x7VlE+Gv2XCouN4rp0RKrv/S4rx80O61V6LCHqoidBr3Sz28gWvobiPAH9UQ=="],

    "memfs": ["memfs@4.17.0", "https://registry.npmmirror.com/memfs/-/memfs-4.17.0.tgz", { "dependencies": { "@jsonjoy.com/json-pack": "^1.0.3", "@jsonjoy.com/util": "^1.3.0", "tree-dump": "^1.0.1", "tslib": "^2.0.0" } }, "sha512-4eirfZ7thblFmqFjywlTmuWVSvccHAJbn1r8qQLzmTO11qcqpohOjmY2mFce6x7x7WtskzRqApPD0hv+Oa74jg=="],

    "prettier": ["prettier@3.5.3", "https://registry.npmmirror.com/prettier/-/prettier-3.5.3.tgz", { "bin": { "prettier": "bin/prettier.cjs" } }, "sha512-QQtaxnoDJeAkDvDKWCLiwIXkTgRhwYDEQCghU9Z6q03iyek/rxRh/2lC3HB7P8sWT2xC/y5JDctPLBIGzHKbhw=="],

    "thingies": ["thingies@1.21.0", "https://registry.npmmirror.com/thingies/-/thingies-1.21.0.tgz", { "peerDependencies": { "tslib": "^2" } }, "sha512-hsqsJsFMsV+aD4s3CWKk85ep/3I9XzYV/IXaSouJMYIoDlgyi11cBhsqYe9/geRfB0YIikBQg6raRaM+nIMP9g=="],

    "tree-dump": ["tree-dump@1.0.2", "https://registry.npmmirror.com/tree-dump/-/tree-dump-1.0.2.tgz", { "peerDependencies": { "tslib": "2" } }, "sha512-dpev9ABuLWdEubk+cIaI9cHwRNNDjkBBLXTwI4UCUFdQ5xXKqNXoK4FEciw/vxf+NQ7Cb7sGUyeUtORvHIdRXQ=="],

    "tslib": ["tslib@2.8.1", "https://registry.npmmirror.com/tslib/-/tslib-2.8.1.tgz", {}, "sha512-oJFu94HQb+KVduSUQL7wnpmqnfmLsOA/nAh6b6EH0wCEoK0/mPeXU6c3wKDV83MkOuHPRHtSXKKU99IBazS/2w=="],

    "universalify": ["universalify@2.0.1", "https://registry.npmmirror.com/universalify/-/universalify-2.0.1.tgz", {}, "sha512-gptHNQghINnc/vTGIk0SOFGFNXw7JVrlRUtConJRlvaw6DuX0wO5Jeko9sWrMBhh+PsYAZ7oXAiOnf/UKogyiw=="],

    "yaml": ["yaml@2.7.0", "https://registry.npmmirror.com/yaml/-/yaml-2.7.0.tgz", { "bin": { "yaml": "bin.mjs" } }, "sha512-+hSoy/QHluxmC9kCIJyL/uyFmLmc+e5CFR5Wa+bpIhIj85LVb9ZH2nVnqrHoSvKogwODv0ClqZkmiSSaIH5LTA=="],
  }
}
